// !$*UTF8*$!
{
	archiveVersion = 1;
	classes = {
	};
	objectVersion = 50;
	objects = {

/* Begin PBXBuildFile section */
		4510E57921EA471C008853F4 /* Main.storyboard in Resources */ = {isa = PBXBuildFile; fileRef = 4510E57721EA471C008853F4 /* Main.storyboard */; };
		4510E57E21EA471F008853F4 /* LaunchScreen.storyboard in Resources */ = {isa = PBXBuildFile; fileRef = 4510E57C21EA471F008853F4 /* LaunchScreen.storyboard */; };
		452152E7222D2A0F005CEA6A /* MainViewController.storyboard in Resources */ = {isa = PBXBuildFile; fileRef = 452152E6222D2A0F005CEA6A /* MainViewController.storyboard */; };
		452152EA222D2D06005CEA6A /* UserDefaults+Extension.swift in Sources */ = {isa = PBXBuildFile; fileRef = 452152E9222D2D06005CEA6A /* UserDefaults+Extension.swift */; };
		452152ED222D6D05005CEA6A /* NotificationCenter.swift in Sources */ = {isa = PBXBuildFile; fileRef = 452152EC222D6D05005CEA6A /* NotificationCenter.swift */; };
		452152F0222D8225005CEA6A /* CurrentTime.swift in Sources */ = {isa = PBXBuildFile; fileRef = 452152EF222D8225005CEA6A /* CurrentTime.swift */; };
		452152F2222D8EAC005CEA6A /* Alarm.swift in Sources */ = {isa = PBXBuildFile; fileRef = 452152F1222D8EAC005CEA6A /* Alarm.swift */; };
		453265BD2237D9DC00033BA4 /* batteryState.swift in Sources */ = {isa = PBXBuildFile; fileRef = 453265BC2237D9DC00033BA4 /* batteryState.swift */; };
		453265BF223809BE00033BA4 /* warning1.mp3 in Resources */ = {isa = PBXBuildFile; fileRef = 453265BE223809BE00033BA4 /* warning1.mp3 */; };
		453265C32238F95000033BA4 /* SettingBatteryViewController.swift in Sources */ = {isa = PBXBuildFile; fileRef = 453265C22238F95000033BA4 /* SettingBatteryViewController.swift */; };
		453265C4223A7AEC00033BA4 /* Assets.xcassets in Resources */ = {isa = PBXBuildFile; fileRef = 4510E57A21EA471F008853F4 /* Assets.xcassets */; };
		45404CAE2226560200DF7BAA /* AppDelegate.swift in Sources */ = {isa = PBXBuildFile; fileRef = 45404CAD2226560200DF7BAA /* AppDelegate.swift */; };
		45404CB2222659D500DF7BAA /* DoneTextField.swift in Sources */ = {isa = PBXBuildFile; fileRef = 45404CB1222659D500DF7BAA /* DoneTextField.swift */; };
		45404CB922265AD400DF7BAA /* TimeCollectionViewCell.swift in Sources */ = {isa = PBXBuildFile; fileRef = 45404CB422265AD300DF7BAA /* TimeCollectionViewCell.swift */; };
		45404CBA22265AD400DF7BAA /* SettingSleepViewController.swift in Sources */ = {isa = PBXBuildFile; fileRef = 45404CB522265AD300DF7BAA /* SettingSleepViewController.swift */; };
		45404CBB22265AD400DF7BAA /* SetTimingViewController.swift in Sources */ = {isa = PBXBuildFile; fileRef = 45404CB622265AD400DF7BAA /* SetTimingViewController.swift */; };
		45404CBF22265B8A00DF7BAA /* MainViewController.swift in Sources */ = {isa = PBXBuildFile; fileRef = 45404CBD22265B8A00DF7BAA /* MainViewController.swift */; };
		45404CC022265B8A00DF7BAA /* AlertCollectionViewCell.swift in Sources */ = {isa = PBXBuildFile; fileRef = 45404CBE22265B8A00DF7BAA /* AlertCollectionViewCell.swift */; };
		45404CC22226752A00DF7BAA /* SettingViewController.swift in Sources */ = {isa = PBXBuildFile; fileRef = 45404CC12226752A00DF7BAA /* SettingViewController.swift */; };
/* End PBXBuildFile section */

/* Begin PBXFileReference section */
		4510E57021EA471C008853F4 /* ChargeMe.app */ = {isa = PBXFileReference; explicitFileType = wrapper.application; includeInIndex = 0; path = ChargeMe.app; sourceTree = BUILT_PRODUCTS_DIR; };
		4510E57821EA471C008853F4 /* Base */ = {isa = PBXFileReference; lastKnownFileType = file.storyboard; name = Base; path = Base.lproj/Main.storyboard; sourceTree = "<group>"; };
		4510E57A21EA471F008853F4 /* Assets.xcassets */ = {isa = PBXFileReference; lastKnownFileType = folder.assetcatalog; path = Assets.xcassets; sourceTree = "<group>"; };
		4510E57D21EA471F008853F4 /* Base */ = {isa = PBXFileReference; lastKnownFileType = file.storyboard; name = Base; path = Base.lproj/LaunchScreen.storyboard; sourceTree = "<group>"; };
		4510E57F21EA471F008853F4 /* Info.plist */ = {isa = PBXFileReference; lastKnownFileType = text.plist.xml; path = Info.plist; sourceTree = "<group>"; };
		452152E6222D2A0F005CEA6A /* MainViewController.storyboard */ = {isa = PBXFileReference; lastKnownFileType = file.storyboard; path = MainViewController.storyboard; sourceTree = "<group>"; };
		452152E9222D2D06005CEA6A /* UserDefaults+Extension.swift */ = {isa = PBXFileReference; lastKnownFileType = sourcecode.swift; path = "UserDefaults+Extension.swift"; sourceTree = "<group>"; };
		452152EC222D6D05005CEA6A /* NotificationCenter.swift */ = {isa = PBXFileReference; lastKnownFileType = sourcecode.swift; path = NotificationCenter.swift; sourceTree = "<group>"; };
		452152EF222D8225005CEA6A /* CurrentTime.swift */ = {isa = PBXFileReference; lastKnownFileType = sourcecode.swift; path = CurrentTime.swift; sourceTree = "<group>"; };
		452152F1222D8EAC005CEA6A /* Alarm.swift */ = {isa = PBXFileReference; lastKnownFileType = sourcecode.swift; path = Alarm.swift; sourceTree = "<group>"; };
		453265BC2237D9DC00033BA4 /* batteryState.swift */ = {isa = PBXFileReference; lastKnownFileType = sourcecode.swift; path = batteryState.swift; sourceTree = "<group>"; };
		453265BE223809BE00033BA4 /* warning1.mp3 */ = {isa = PBXFileReference; lastKnownFileType = audio.mp3; name = warning1.mp3; path = ../../../../Downloads/warning1.mp3; sourceTree = "<group>"; };
		453265C22238F95000033BA4 /* SettingBatteryViewController.swift */ = {isa = PBXFileReference; lastKnownFileType = sourcecode.swift; path = SettingBatteryViewController.swift; sourceTree = "<group>"; };
		45404CAD2226560200DF7BAA /* AppDelegate.swift */ = {isa = PBXFileReference; lastKnownFileType = sourcecode.swift; path = AppDelegate.swift; sourceTree = "<group>"; };
		45404CB1222659D500DF7BAA /* DoneTextField.swift */ = {isa = PBXFileReference; lastKnownFileType = sourcecode.swift; path = DoneTextField.swift; sourceTree = "<group>"; };
		45404CB422265AD300DF7BAA /* TimeCollectionViewCell.swift */ = {isa = PBXFileReference; lastKnownFileType = sourcecode.swift; name = TimeCollectionViewCell.swift; path = /Users/hayato_okuma/workspace/ChargeMe/ChargeMe/TimeCollectionViewCell.swift; sourceTree = "<absolute>"; };
		45404CB522265AD300DF7BAA /* SettingSleepViewController.swift */ = {isa = PBXFileReference; lastKnownFileType = sourcecode.swift; name = SettingSleepViewController.swift; path = /Users/hayato_okuma/workspace/ChargeMe/ChargeMe/SettingSleepViewController.swift; sourceTree = "<absolute>"; };
		45404CB622265AD400DF7BAA /* SetTimingViewController.swift */ = {isa = PBXFileReference; lastKnownFileType = sourcecode.swift; name = SetTimingViewController.swift; path = /Users/hayato_okuma/workspace/ChargeMe/ChargeMe/SetTimingViewController.swift; sourceTree = "<absolute>"; };
		45404CBD22265B8A00DF7BAA /* MainViewController.swift */ = {isa = PBXFileReference; fileEncoding = 4; lastKnownFileType = sourcecode.swift; path = MainViewController.swift; sourceTree = "<group>"; };
		45404CBE22265B8A00DF7BAA /* AlertCollectionViewCell.swift */ = {isa = PBXFileReference; fileEncoding = 4; lastKnownFileType = sourcecode.swift; path = AlertCollectionViewCell.swift; sourceTree = "<group>"; };
		45404CC12226752A00DF7BAA /* SettingViewController.swift */ = {isa = PBXFileReference; lastKnownFileType = sourcecode.swift; path = SettingViewController.swift; sourceTree = "<group>"; };
/* End PBXFileReference section */

/* Begin PBXFrameworksBuildPhase section */
		4510E56D21EA471C008853F4 /* Frameworks */ = {
			isa = PBXFrameworksBuildPhase;
			buildActionMask = 2147483647;
			files = (
			);
			runOnlyForDeploymentPostprocessing = 0;
		};
/* End PBXFrameworksBuildPhase section */

/* Begin PBXGroup section */
		4510E56721EA471C008853F4 = {
			isa = PBXGroup;
			children = (
				4510E57221EA471C008853F4 /* ChargeMe */,
				4510E57121EA471C008853F4 /* Products */,
			);
			sourceTree = "<group>";
		};
		4510E57121EA471C008853F4 /* Products */ = {
			isa = PBXGroup;
			children = (
				4510E57021EA471C008853F4 /* ChargeMe.app */,
			);
			name = Products;
			sourceTree = "<group>";
		};
		4510E57221EA471C008853F4 /* ChargeMe */ = {
			isa = PBXGroup;
			children = (
				453265BB2237D99A00033BA4 /* BatteryState */,
				452152EE222D8200005CEA6A /* Timer */,
				45404CB02226598600DF7BAA /* Common */,
				45A55B85223184730061C13D /* Storyboard */,
				45404CB622265AD400DF7BAA /* SetTimingViewController.swift */,
				453265C22238F95000033BA4 /* SettingBatteryViewController.swift */,
				45404CB522265AD300DF7BAA /* SettingSleepViewController.swift */,
				45404CB422265AD300DF7BAA /* TimeCollectionViewCell.swift */,
				452152E8222D2CCE005CEA6A /* Extensions */,
				4510E57A21EA471F008853F4 /* Assets.xcassets */,
				4510E57F21EA471F008853F4 /* Info.plist */,
				45404CAD2226560200DF7BAA /* AppDelegate.swift */,
				4510E57C21EA471F008853F4 /* LaunchScreen.storyboard */,
				45404CBE22265B8A00DF7BAA /* AlertCollectionViewCell.swift */,
				452152EB222D6CD3005CEA6A /* Notifications */,
				45404CBD22265B8A00DF7BAA /* MainViewController.swift */,
				45404CC12226752A00DF7BAA /* SettingViewController.swift */,
			);
			path = ChargeMe;
			sourceTree = "<group>";
		};
		452152E8222D2CCE005CEA6A /* Extensions */ = {
			isa = PBXGroup;
			children = (
				452152E9222D2D06005CEA6A /* UserDefaults+Extension.swift */,
			);
			path = Extensions;
			sourceTree = "<group>";
		};
		452152EB222D6CD3005CEA6A /* Notifications */ = {
			isa = PBXGroup;
			children = (
				452152EC222D6D05005CEA6A /* NotificationCenter.swift */,
			);
			path = Notifications;
			sourceTree = "<group>";
		};
		452152EE222D8200005CEA6A /* Timer */ = {
			isa = PBXGroup;
			children = (
				453265BE223809BE00033BA4 /* warning1.mp3 */,
				452152EF222D8225005CEA6A /* CurrentTime.swift */,
				452152F1222D8EAC005CEA6A /* Alarm.swift */,
			);
			path = Timer;
			sourceTree = "<group>";
		};
		453265BB2237D99A00033BA4 /* BatteryState */ = {
			isa = PBXGroup;
			children = (
				453265BC2237D9DC00033BA4 /* batteryState.swift */,
			);
			path = BatteryState;
			sourceTree = "<group>";
		};
		45404CB02226598600DF7BAA /* Common */ = {
			isa = PBXGroup;
			children = (
				45404CB1222659D500DF7BAA /* DoneTextField.swift */,
			);
			path = Common;
			sourceTree = "<group>";
		};
		45A55B85223184730061C13D /* Storyboard */ = {
			isa = PBXGroup;
			children = (
				4510E57721EA471C008853F4 /* Main.storyboard */,
				452152E6222D2A0F005CEA6A /* MainViewController.storyboard */,
			);
			path = Storyboard;
			sourceTree = "<group>";
		};
/* End PBXGroup section */

/* Begin PBXNativeTarget section */
		4510E56F21EA471C008853F4 /* ChargeMe */ = {
			isa = PBXNativeTarget;
			buildConfigurationList = 4510E58221EA471F008853F4 /* Build configuration list for PBXNativeTarget "ChargeMe" */;
			buildPhases = (
				4510E56C21EA471C008853F4 /* Sources */,
				4510E56D21EA471C008853F4 /* Frameworks */,
				4510E56E21EA471C008853F4 /* Resources */,
			);
			buildRules = (
			);
			dependencies = (
			);
			name = ChargeMe;
			productName = ChargeMe;
			productReference = 4510E57021EA471C008853F4 /* ChargeMe.app */;
			productType = "com.apple.product-type.application";
		};
/* End PBXNativeTarget section */

/* Begin PBXProject section */
		4510E56821EA471C008853F4 /* Project object */ = {
			isa = PBXProject;
			attributes = {
				LastSwiftUpdateCheck = 1010;
				LastUpgradeCheck = 1010;
				ORGANIZATIONNAME = "大隈隼";
				TargetAttributes = {
					4510E56F21EA471C008853F4 = {
						CreatedOnToolsVersion = 10.1;
						LastSwiftMigration = 1010;
					};
				};
			};
			buildConfigurationList = 4510E56B21EA471C008853F4 /* Build configuration list for PBXProject "ChargeMe" */;
			compatibilityVersion = "Xcode 9.3";
			developmentRegion = en;
			hasScannedForEncodings = 0;
			knownRegions = (
				en,
				Base,
			);
			mainGroup = 4510E56721EA471C008853F4;
			productRefGroup = 4510E57121EA471C008853F4 /* Products */;
			projectDirPath = "";
			projectRoot = "";
			targets = (
				4510E56F21EA471C008853F4 /* ChargeMe */,
			);
		};
/* End PBXProject section */

/* Begin PBXResourcesBuildPhase section */
		4510E56E21EA471C008853F4 /* Resources */ = {
			isa = PBXResourcesBuildPhase;
			buildActionMask = 2147483647;
			files = (
				452152E7222D2A0F005CEA6A /* MainViewController.storyboard in Resources */,
				453265BF223809BE00033BA4 /* warning1.mp3 in Resources */,
				4510E57E21EA471F008853F4 /* LaunchScreen.storyboard in Resources */,
				4510E57921EA471C008853F4 /* Main.storyboard in Resources */,
				453265C4223A7AEC00033BA4 /* Assets.xcassets in Resources */,
			);
			runOnlyForDeploymentPostprocessing = 0;
		};
/* End PBXResourcesBuildPhase section */

/* Begin PBXSourcesBuildPhase section */
		4510E56C21EA471C008853F4 /* Sources */ = {
			isa = PBXSourcesBuildPhase;
			buildActionMask = 2147483647;
			files = (
				45404CBA22265AD400DF7BAA /* SettingSleepViewController.swift in Sources */,
				453265BD2237D9DC00033BA4 /* batteryState.swift in Sources */,
				452152ED222D6D05005CEA6A /* NotificationCenter.swift in Sources */,
				45404CB922265AD400DF7BAA /* TimeCollectionViewCell.swift in Sources */,
				45404CAE2226560200DF7BAA /* AppDelegate.swift in Sources */,
				453265C32238F95000033BA4 /* SettingBatteryViewController.swift in Sources */,
				45404CB2222659D500DF7BAA /* DoneTextField.swift in Sources */,
				452152F0222D8225005CEA6A /* CurrentTime.swift in Sources */,
				45404CC22226752A00DF7BAA /* SettingViewController.swift in Sources */,
				452152F2222D8EAC005CEA6A /* Alarm.swift in Sources */,
				45404CBB22265AD400DF7BAA /* SetTimingViewController.swift in Sources */,
				45404CBF22265B8A00DF7BAA /* MainViewController.swift in Sources */,
				452152EA222D2D06005CEA6A /* UserDefaults+Extension.swift in Sources */,
				45404CC022265B8A00DF7BAA /* AlertCollectionViewCell.swift in Sources */,
			);
			runOnlyForDeploymentPostprocessing = 0;
		};
/* End PBXSourcesBuildPhase section */

/* Begin PBXVariantGroup section */
		4510E57721EA471C008853F4 /* Main.storyboard */ = {
			isa = PBXVariantGroup;
			children = (
				4510E57821EA471C008853F4 /* Base */,
			);
			name = Main.storyboard;
			sourceTree = "<group>";
		};
		4510E57C21EA471F008853F4 /* LaunchScreen.storyboard */ = {
			isa = PBXVariantGroup;
			children = (
				4510E57D21EA471F008853F4 /* Base */,
			);
			name = LaunchScreen.storyboard;
			sourceTree = "<group>";
		};
/* End PBXVariantGroup section */

/* Begin XCBuildConfiguration section */
		4510E58021EA471F008853F4 /* Debug */ = {
			isa = XCBuildConfiguration;
			buildSettings = {
				ALWAYS_SEARCH_USER_PATHS = NO;
				CLANG_ANALYZER_NONNULL = YES;
				CLANG_ANALYZER_NUMBER_OBJECT_CONVERSION = YES_AGGRESSIVE;
				CLANG_CXX_LANGUAGE_STANDARD = "gnu++14";
				CLANG_CXX_LIBRARY = "libc++";
				CLANG_ENABLE_MODULES = YES;
				CLANG_ENABLE_OBJC_ARC = YES;
				CLANG_ENABLE_OBJC_WEAK = YES;
				CLANG_WARN_BLOCK_CAPTURE_AUTORELEASING = YES;
				CLANG_WARN_BOOL_CONVERSION = YES;
				CLANG_WARN_COMMA = YES;
				CLANG_WARN_CONSTANT_CONVERSION = YES;
				CLANG_WARN_DEPRECATED_OBJC_IMPLEMENTATIONS = YES;
				CLANG_WARN_DIRECT_OBJC_ISA_USAGE = YES_ERROR;
				CLANG_WARN_DOCUMENTATION_COMMENTS = YES;
				CLANG_WARN_EMPTY_BODY = YES;
				CLANG_WARN_ENUM_CONVERSION = YES;
				CLANG_WARN_INFINITE_RECURSION = YES;
				CLANG_WARN_INT_CONVERSION = YES;
				CLANG_WARN_NON_LITERAL_NULL_CONVERSION = YES;
				CLANG_WARN_OBJC_IMPLICIT_RETAIN_SELF = YES;
				CLANG_WARN_OBJC_LITERAL_CONVERSION = YES;
				CLANG_WARN_OBJC_ROOT_CLASS = YES_ERROR;
				CLANG_WARN_RANGE_LOOP_ANALYSIS = YES;
				CLANG_WARN_STRICT_PROTOTYPES = YES;
				CLANG_WARN_SUSPICIOUS_MOVE = YES;
				CLANG_WARN_UNGUARDED_AVAILABILITY = YES_AGGRESSIVE;
				CLANG_WARN_UNREACHABLE_CODE = YES;
				CLANG_WARN__DUPLICATE_METHOD_MATCH = YES;
				CODE_SIGN_IDENTITY = "iPhone Developer";
				COPY_PHASE_STRIP = NO;
				DEBUG_INFORMATION_FORMAT = dwarf;
				ENABLE_STRICT_OBJC_MSGSEND = YES;
				ENABLE_TESTABILITY = YES;
				GCC_C_LANGUAGE_STANDARD = gnu11;
				GCC_DYNAMIC_NO_PIC = NO;
				GCC_NO_COMMON_BLOCKS = YES;
				GCC_OPTIMIZATION_LEVEL = 0;
				GCC_PREPROCESSOR_DEFINITIONS = (
					"DEBUG=1",
					"$(inherited)",
				);
				GCC_WARN_64_TO_32_BIT_CONVERSION = YES;
				GCC_WARN_ABOUT_RETURN_TYPE = YES_ERROR;
				GCC_WARN_UNDECLARED_SELECTOR = YES;
				GCC_WARN_UNINITIALIZED_AUTOS = YES_AGGRESSIVE;
				GCC_WARN_UNUSED_FUNCTION = YES;
				GCC_WARN_UNUSED_VARIABLE = YES;
				IPHONEOS_DEPLOYMENT_TARGET = 12.1;
				MTL_ENABLE_DEBUG_INFO = INCLUDE_SOURCE;
				MTL_FAST_MATH = YES;
				ONLY_ACTIVE_ARCH = YES;
				SDKROOT = iphoneos;
				SWIFT_ACTIVE_COMPILATION_CONDITIONS = DEBUG;
				SWIFT_OPTIMIZATION_LEVEL = "-Onone";
			};
			name = Debug;
		};
		4510E58121EA471F008853F4 /* Release */ = {
			isa = XCBuildConfiguration;
			buildSettings = {
				ALWAYS_SEARCH_USER_PATHS = NO;
				CLANG_ANALYZER_NONNULL = YES;
				CLANG_ANALYZER_NUMBER_OBJECT_CONVERSION = YES_AGGRESSIVE;
				CLANG_CXX_LANGUAGE_STANDARD = "gnu++14";
				CLANG_CXX_LIBRARY = "libc++";
				CLANG_ENABLE_MODULES = YES;
				CLANG_ENABLE_OBJC_ARC = YES;
				CLANG_ENABLE_OBJC_WEAK = YES;
				CLANG_WARN_BLOCK_CAPTURE_AUTORELEASING = YES;
				CLANG_WARN_BOOL_CONVERSION = YES;
				CLANG_WARN_COMMA = YES;
				CLANG_WARN_CONSTANT_CONVERSION = YES;
				CLANG_WARN_DEPRECATED_OBJC_IMPLEMENTATIONS = YES;
				CLANG_WARN_DIRECT_OBJC_ISA_USAGE = YES_ERROR;
				CLANG_WARN_DOCUMENTATION_COMMENTS = YES;
				CLANG_WARN_EMPTY_BODY = YES;
				CLANG_WARN_ENUM_CONVERSION = YES;
				CLANG_WARN_INFINITE_RECURSION = YES;
				CLANG_WARN_INT_CONVERSION = YES;
				CLANG_WARN_NON_LITERAL_NULL_CONVERSION = YES;
				CLANG_WARN_OBJC_IMPLICIT_RETAIN_SELF = YES;
				CLANG_WARN_OBJC_LITERAL_CONVERSION = YES;
				CLANG_WARN_OBJC_ROOT_CLASS = YES_ERROR;
				CLANG_WARN_RANGE_LOOP_ANALYSIS = YES;
				CLANG_WARN_STRICT_PROTOTYPES = YES;
				CLANG_WARN_SUSPICIOUS_MOVE = YES;
				CLANG_WARN_UNGUARDED_AVAILABILITY = YES_AGGRESSIVE;
				CLANG_WARN_UNREACHABLE_CODE = YES;
				CLANG_WARN__DUPLICATE_METHOD_MATCH = YES;
				CODE_SIGN_IDENTITY = "iPhone Developer";
				COPY_PHASE_STRIP = NO;
				DEBUG_INFORMATION_FORMAT = "dwarf-with-dsym";
				ENABLE_NS_ASSERTIONS = NO;
				ENABLE_STRICT_OBJC_MSGSEND = YES;
				GCC_C_LANGUAGE_STANDARD = gnu11;
				GCC_NO_COMMON_BLOCKS = YES;
				GCC_WARN_64_TO_32_BIT_CONVERSION = YES;
				GCC_WARN_ABOUT_RETURN_TYPE = YES_ERROR;
				GCC_WARN_UNDECLARED_SELECTOR = YES;
				GCC_WARN_UNINITIALIZED_AUTOS = YES_AGGRESSIVE;
				GCC_WARN_UNUSED_FUNCTION = YES;
				GCC_WARN_UNUSED_VARIABLE = YES;
				IPHONEOS_DEPLOYMENT_TARGET = 12.1;
				MTL_ENABLE_DEBUG_INFO = NO;
				MTL_FAST_MATH = YES;
				SDKROOT = iphoneos;
				SWIFT_COMPILATION_MODE = wholemodule;
				SWIFT_OPTIMIZATION_LEVEL = "-O";
				VALIDATE_PRODUCT = YES;
			};
			name = Release;
		};
		4510E58321EA471F008853F4 /* Debug */ = {
			isa = XCBuildConfiguration;
			buildSettings = {
				ASSETCATALOG_COMPILER_APPICON_NAME = AppIcon;
				CLANG_ENABLE_MODULES = YES;
				CODE_SIGN_STYLE = Automatic;
				DEVELOPMENT_TEAM = H43KXSXXQS;
				INFOPLIST_FILE = ChargeMe/Info.plist;
				LD_RUNPATH_SEARCH_PATHS = (
					"$(inherited)",
					"@executable_path/Frameworks",
				);
				PRODUCT_BUNDLE_IDENTIFIER = okuma.ChargeMe;
				PRODUCT_NAME = "$(TARGET_NAME)";
				SWIFT_OPTIMIZATION_LEVEL = "-Onone";
				SWIFT_VERSION = 4.2;
				TARGETED_DEVICE_FAMILY = "1,2";
			};
			name = Debug;
		};
		4510E58421EA471F008853F4 /* Release */ = {
			isa = XCBuildConfiguration;
			buildSettings = {
				ASSETCATALOG_COMPILER_APPICON_NAME = AppIcon;
				CLANG_ENABLE_MODULES = YES;
				CODE_SIGN_STYLE = Automatic;
				DEVELOPMENT_TEAM = H43KXSXXQS;
				INFOPLIST_FILE = ChargeMe/Info.plist;
				LD_RUNPATH_SEARCH_PATHS = (
					"$(inherited)",
					"@executable_path/Frameworks",
				);
				PRODUCT_BUNDLE_IDENTIFIER = okuma.ChargeMe;
				PRODUCT_NAME = "$(TARGET_NAME)";
				SWIFT_VERSION = 4.2;
				TARGETED_DEVICE_FAMILY = "1,2";
			};
			name = Release;
		};
/* End XCBuildConfiguration section */

/* Begin XCConfigurationList section */
		4510E56B21EA471C008853F4 /* Build configuration list for PBXProject "ChargeMe" */ = {
			isa = XCConfigurationList;
			buildConfigurations = (
				4510E58021EA471F008853F4 /* Debug */,
				4510E58121EA471F008853F4 /* Release */,
			);
			defaultConfigurationIsVisible = 0;
			defaultConfigurationName = Release;
		};
		4510E58221EA471F008853F4 /* Build configuration list for PBXNativeTarget "ChargeMe" */ = {
			isa = XCConfigurationList;
			buildConfigurations = (
				4510E58321EA471F008853F4 /* Debug */,
				4510E58421EA471F008853F4 /* Release */,
			);
			defaultConfigurationIsVisible = 0;
			defaultConfigurationName = Release;
		};
/* End XCConfigurationList section */
	};
	rootObject = 4510E56821EA471C008853F4 /* Project object */;
}
